
Microsoft Visual Studio Solution File, Format Version 12.00
# Visual Studio Version 16
VisualStudioVersion = 16.0.31105.61
MinimumVisualStudioVersion = 10.0.40219.1
Project("{FAE04EC0-301F-11D3-BF4B-00C04F79EFBC}") = "Shop", "Shop\Shop.csproj", "{26606773-7EBF-41B6-B3E5-14AA0D5288A0}"
EndProject
Project("{FAE04EC0-301F-11D3-BF4B-00C04F79EFBC}") = "ShopLib", "ShopLib\ShopLib.csproj", "{D40092AB-43EC-4838-B821-38F91F5BCBD5}"
EndProject
Global
	GlobalSection(SolutionConfigurationPlatforms) = preSolution
		Debug|Any CPU = Debug|Any CPU
		Release|Any CPU = Release|Any CPU
	EndGlobalSection
	GlobalSection(ProjectConfigurationPlatforms) = postSolution
		{26606773-7EBF-41B6-B3E5-14AA0D5288A0}.Debug|Any CPU.ActiveCfg = Debug|Any CPU
		{26606773-7EBF-41B6-B3E5-14AA0D5288A0}.Debug|Any CPU.Build.0 = Debug|Any CPU
		{26606773-7EBF-41B6-B3E5-14AA0D5288A0}.Release|Any CPU.ActiveCfg = Release|Any CPU
		{26606773-7EBF-41B6-B3E5-14AA0D5288A0}.Release|Any CPU.Build.0 = Release|Any CPU
		{D40092AB-43EC-4838-B821-38F91F5BCBD5}.Debug|Any CPU.ActiveCfg = Debug|Any CPU
		{D40092AB-43EC-4838-B821-38F91F5BCBD5}.Debug|Any CPU.Build.0 = Debug|Any CPU
		{D40092AB-43EC-4838-B821-38F91F5BCBD5}.Release|Any CPU.ActiveCfg = Release|Any CPU
		{D40092AB-43EC-4838-B821-38F91F5BCBD5}.Release|Any CPU.Build.0 = Release|Any CPU
	EndGlobalSection
	GlobalSection(SolutionProperties) = preSolution
		HideSolutionNode = FALSE
	EndGlobalSection
	GlobalSection(ExtensibilityGlobals) = postSolution
		SolutionGuid = {9D9C19D3-91F6-4C9D-98B2-5EFAE8DF7DFA}
	EndGlobalSection
EndGlobal
